
Microsoft Visual Studio Solution File, Format Version 12.00
# Visual Studio Express 2012 for Windows Desktop
Project("{FAE04EC0-301F-11D3-BF4B-00C04F79EFBC}") = "Gestion salle sportif", "Gestion de Sport\Gestion salle sportif.csproj", "{7B2448E0-57C2-40D6-9264-494215F744EC}"
EndProject
Global
	GlobalSection(SolutionConfigurationPlatforms) = preSolution
		Debug|Any CPU = Debug|Any CPU
		Release|Any CPU = Release|Any CPU
	EndGlobalSection
	GlobalSection(ProjectConfigurationPlatforms) = postSolution
		{7B2448E0-57C2-40D6-9264-494215F744EC}.Debug|Any CPU.ActiveCfg = Debug|Any CPU
		{7B2448E0-57C2-40D6-9264-494215F744EC}.Debug|Any CPU.Build.0 = Debug|Any CPU
		{7B2448E0-57C2-40D6-9264-494215F744EC}.Release|Any CPU.ActiveCfg = Release|Any CPU
		{7B2448E0-57C2-40D6-9264-494215F744EC}.Release|Any CPU.Build.0 = Release|Any CPU
	EndGlobalSection
	GlobalSection(SolutionProperties) = preSolution
		HideSolutionNode = FALSE
	EndGlobalSection
EndGlobal
